// !$*UTF8*$!
{
	archiveVersion = 1;
	classes = {
	};
	objectVersion = 46;
	objects = {

/* Begin PBXBuildFile section */
		280A861C1D7B610C00C42784 /* AppDelegate.swift in Sources */ = {isa = PBXBuildFile; fileRef = 280A861B1D7B610C00C42784 /* AppDelegate.swift */; };
		280A861E1D7B610C00C42784 /* ViewController.swift in Sources */ = {isa = PBXBuildFile; fileRef = 280A861D1D7B610C00C42784 /* ViewController.swift */; };
		280A86211D7B610C00C42784 /* Main.storyboard in Resources */ = {isa = PBXBuildFile; fileRef = 280A861F1D7B610C00C42784 /* Main.storyboard */; };
		280A86231D7B610C00C42784 /* Assets.xcassets in Resources */ = {isa = PBXBuildFile; fileRef = 280A86221D7B610C00C42784 /* Assets.xcassets */; };
		280A86261D7B610C00C42784 /* LaunchScreen.storyboard in Resources */ = {isa = PBXBuildFile; fileRef = 280A86241D7B610C00C42784 /* LaunchScreen.storyboard */; };
/* End PBXBuildFile section */

/* Begin PBXFileReference section */
		280A86181D7B610C00C42784 /* SinglePhoto.app */ = {isa = PBXFileReference; explicitFileType = wrapper.application; includeInIndex = 0; path = SinglePhoto.app; sourceTree = BUILT_PRODUCTS_DIR; };
		280A861B1D7B610C00C42784 /* AppDelegate.swift */ = {isa = PBXFileReference; lastKnownFileType = sourcecode.swift; path = AppDelegate.swift; sourceTree = "<group>"; };
		280A861D1D7B610C00C42784 /* ViewController.swift */ = {isa = PBXFileReference; lastKnownFileType = sourcecode.swift; path = ViewController.swift; sourceTree = "<group>"; };
		280A86201D7B610C00C42784 /* Base */ = {isa = PBXFileReference; lastKnownFileType = file.storyboard; name = Base; path = Base.lproj/Main.storyboard; sourceTree = "<group>"; };
		280A86221D7B610C00C42784 /* Assets.xcassets */ = {isa = PBXFileReference; lastKnownFileType = folder.assetcatalog; path = Assets.xcassets; sourceTree = "<group>"; };
		280A86251D7B610C00C42784 /* Base */ = {isa = PBXFileReference; lastKnownFileType = file.storyboard; name = Base; path = Base.lproj/LaunchScreen.storyboard; sourceTree = "<group>"; };
		280A86271D7B610C00C42784 /* Info.plist */ = {isa = PBXFileReference; lastKnownFileType = text.plist.xml; path = Info.plist; sourceTree = "<group>"; };
/* End PBXFileReference section */

/* Begin PBXFrameworksBuildPhase section */
		280A86151D7B610C00C42784 /* Frameworks */ = {
			isa = PBXFrameworksBuildPhase;
			buildActionMask = 2147483647;
			files = (
			);
			runOnlyForDeploymentPostprocessing = 0;
		};
/* End PBXFrameworksBuildPhase section */

/* Begin PBXGroup section */
		280A860F1D7B610C00C42784 = {
			isa = PBXGroup;
			children = (
				280A861A1D7B610C00C42784 /* SinglePhoto */,
				280A86191D7B610C00C42784 /* Products */,
			);
			sourceTree = "<group>";
		};
		280A86191D7B610C00C42784 /* Products */ = {
			isa = PBXGroup;
			children = (
				280A86181D7B610C00C42784 /* SinglePhoto.app */,
			);
			name = Products;
			sourceTree = "<group>";
		};
		280A861A1D7B610C00C42784 /* SinglePhoto */ = {
			isa = PBXGroup;
			children = (
				280A861B1D7B610C00C42784 /* AppDelegate.swift */,
				280A861D1D7B610C00C42784 /* ViewController.swift */,
				280A861F1D7B610C00C42784 /* Main.storyboard */,
				280A86221D7B610C00C42784 /* Assets.xcassets */,
				280A86241D7B610C00C42784 /* LaunchScreen.storyboard */,
				280A86271D7B610C00C42784 /* Info.plist */,
			);
			path = SinglePhoto;
			sourceTree = "<group>";
		};
/* End PBXGroup section */

/* Begin PBXNativeTarget section */
		280A86171D7B610C00C42784 /* SinglePhoto */ = {
			isa = PBXNativeTarget;
			buildConfigurationList = 280A862A1D7B610C00C42784 /* Build configuration list for PBXNativeTarget "SinglePhoto" */;
			buildPhases = (
				280A86141D7B610C00C42784 /* Sources */,
				280A86151D7B610C00C42784 /* Frameworks */,
				280A86161D7B610C00C42784 /* Resources */,
			);
			buildRules = (
			);
			dependencies = (
			);
			name = SinglePhoto;
			productName = SinglePhoto;
			productReference = 280A86181D7B610C00C42784 /* SinglePhoto.app */;
			productType = "com.apple.product-type.application";
		};
/* End PBXNativeTarget section */

/* Begin PBXProject section */
		280A86101D7B610C00C42784 /* Project object */ = {
			isa = PBXProject;
			attributes = {
				LastSwiftUpdateCheck = 0800;
				LastUpgradeCheck = 0800;
				ORGANIZATIONNAME = "Neil Vitale";
				TargetAttributes = {
					280A86171D7B610C00C42784 = {
						CreatedOnToolsVersion = 8.0;
						ProvisioningStyle = Automatic;
					};
				};
			};
			buildConfigurationList = 280A86131D7B610C00C42784 /* Build configuration list for PBXProject "SinglePhoto" */;
			compatibilityVersion = "Xcode 3.2";
			developmentRegion = English;
			hasScannedForEncodings = 0;
			knownRegions = (
				en,
				Base,
			);
			mainGroup = 280A860F1D7B610C00C42784;
			productRefGroup = 280A86191D7B610C00C42784 /* Products */;
			projectDirPath = "";
			projectRoot = "";
			targets = (
				280A86171D7B610C00C42784 /* SinglePhoto */,
			);
		};
/* End PBXProject section */

/* Begin PBXResourcesBuildPhase section */
		280A86161D7B610C00C42784 /* Resources */ = {
			isa = PBXResourcesBuildPhase;
			buildActionMask = 2147483647;
			files = (
				280A86261D7B610C00C42784 /* LaunchScreen.storyboard in Resources */,
				280A86231D7B610C00C42784 /* Assets.xcassets in Resources */,
				280A86211D7B610C00C42784 /* Main.storyboard in Resources */,
			);
			runOnlyForDeploymentPostprocessing = 0;
		};
/* End PBXResourcesBuildPhase section */

/* Begin PBXSourcesBuildPhase section */
		280A86141D7B610C00C42784 /* Sources */ = {
			isa = PBXSourcesBuildPhase;
			buildActionMask = 2147483647;
			files = (
				280A861E1D7B610C00C42784 /* ViewController.swift in Sources */,
				280A861C1D7B610C00C42784 /* AppDelegate.swift in Sources */,
			);
			runOnlyForDeploymentPostprocessing = 0;
		};
/* End PBXSourcesBuildPhase section */

/* Begin PBXVariantGroup section */
		280A861F1D7B610C00C42784 /* Main.storyboard */ = {
			isa = PBXVariantGroup;
			children = (
				280A86201D7B610C00C42784 /* Base */,
			);
			name = Main.storyboard;
			sourceTree = "<group>";
		};
		280A86241D7B610C00C42784 /* LaunchScreen.storyboard */ = {
			isa = PBXVariantGroup;
			children = (
				280A86251D7B610C00C42784 /* Base */,
			);
			name = LaunchScreen.storyboard;
			sourceTree = "<group>";
		};
/* End PBXVariantGroup section */

/* Begin XCBuildConfiguration section */
		280A86281D7B610C00C42784 /* Debug */ = {
			isa = XCBuildConfiguration;
			buildSettings = {
				ALWAYS_SEARCH_USER_PATHS = NO;
				CLANG_ANALYZER_NONNULL = YES;
				CLANG_CXX_LANGUAGE_STANDARD = "gnu++0x";
				CLANG_CXX_LIBRARY = "libc++";
				CLANG_ENABLE_MODULES = YES;
				CLANG_ENABLE_OBJC_ARC = YES;
				CLANG_WARN_BOOL_CONVERSION = YES;
				CLANG_WARN_CONSTANT_CONVERSION = YES;
				CLANG_WARN_DIRECT_OBJC_ISA_USAGE = YES_ERROR;
				CLANG_WARN_DOCUMENTATION_COMMENTS = YES;
				CLANG_WARN_EMPTY_BODY = YES;
				CLANG_WARN_ENUM_CONVERSION = YES;
				CLANG_WARN_INFINITE_RECURSION = YES;
				CLANG_WARN_INT_CONVERSION = YES;
				CLANG_WARN_OBJC_ROOT_CLASS = YES_ERROR;
				CLANG_WARN_SUSPICIOUS_MOVES = YES;
				CLANG_WARN_UNREACHABLE_CODE = YES;
				CLANG_WARN__DUPLICATE_METHOD_MATCH = YES;
				"CODE_SIGN_IDENTITY[sdk=iphoneos*]" = "iPhone Developer";
				COPY_PHASE_STRIP = NO;
				DEBUG_INFORMATION_FORMAT = dwarf;
				ENABLE_STRICT_OBJC_MSGSEND = YES;
				ENABLE_TESTABILITY = YES;
				GCC_C_LANGUAGE_STANDARD = gnu99;
				GCC_DYNAMIC_NO_PIC = NO;
				GCC_NO_COMMON_BLOCKS = YES;
				GCC_OPTIMIZATION_LEVEL = 0;
				GCC_PREPROCESSOR_DEFINITIONS = (
					"DEBUG=1",
					"$(inherited)",
				);
				GCC_WARN_64_TO_32_BIT_CONVERSION = YES;
				GCC_WARN_ABOUT_RETURN_TYPE = YES_ERROR;
				GCC_WARN_UNDECLARED_SELECTOR = YES;
				GCC_WARN_UNINITIALIZED_AUTOS = YES_AGGRESSIVE;
				GCC_WARN_UNUSED_FUNCTION = YES;
				GCC_WARN_UNUSED_VARIABLE = YES;
				IPHONEOS_DEPLOYMENT_TARGET = 10.0;
				MTL_ENABLE_DEBUG_INFO = YES;
				ONLY_ACTIVE_ARCH = YES;
				SDKROOT = iphoneos;
				SWIFT_ACTIVE_COMPILATION_CONDITIONS = DEBUG;
				SWIFT_OPTIMIZATION_LEVEL = "-Onone";
			};
			name = Debug;
		};
		280A86291D7B610C00C42784 /* Release */ = {
			isa = XCBuildConfiguration;
			buildSettings = {
				ALWAYS_SEARCH_USER_PATHS = NO;
				CLANG_ANALYZER_NONNULL = YES;
				CLANG_CXX_LANGUAGE_STANDARD = "gnu++0x";
				CLANG_CXX_LIBRARY = "libc++";
				CLANG_ENABLE_MODULES = YES;
				CLANG_ENABLE_OBJC_ARC = YES;
				CLANG_WARN_BOOL_CONVERSION = YES;
				CLANG_WARN_CONSTANT_CONVERSION = YES;
				CLANG_WARN_DIRECT_OBJC_ISA_USAGE = YES_ERROR;
				CLANG_WARN_DOCUMENTATION_COMMENTS = YES;
				CLANG_WARN_EMPTY_BODY = YES;
				CLANG_WARN_ENUM_CONVERSION = YES;
				CLANG_WARN_INFINITE_RECURSION = YES;
				CLANG_WARN_INT_CONVERSION = YES;
				CLANG_WARN_OBJC_ROOT_CLASS = YES_ERROR;
				CLANG_WARN_SUSPICIOUS_MOVES = YES;
				CLANG_WARN_UNREACHABLE_CODE = YES;
				CLANG_WARN__DUPLICATE_METHOD_MATCH = YES;
				"CODE_SIGN_IDENTITY[sdk=iphoneos*]" = "iPhone Developer";
				COPY_PHASE_STRIP = NO;
				DEBUG_INFORMATION_FORMAT = "dwarf-with-dsym";
				ENABLE_NS_ASSERTIONS = NO;
				ENABLE_STRICT_OBJC_MSGSEND = YES;
				GCC_C_LANGUAGE_STANDARD = gnu99;
				GCC_NO_COMMON_BLOCKS = YES;
				GCC_WARN_64_TO_32_BIT_CONVERSION = YES;
				GCC_WARN_ABOUT_RETURN_TYPE = YES_ERROR;
				GCC_WARN_UNDECLARED_SELECTOR = YES;
				GCC_WARN_UNINITIALIZED_AUTOS = YES_AGGRESSIVE;
				GCC_WARN_UNUSED_FUNCTION = YES;
				GCC_WARN_UNUSED_VARIABLE = YES;
				IPHONEOS_DEPLOYMENT_TARGET = 10.0;
				MTL_ENABLE_DEBUG_INFO = NO;
				SDKROOT = iphoneos;
				SWIFT_OPTIMIZATION_LEVEL = "-Owholemodule";
				VALIDATE_PRODUCT = YES;
			};
			name = Release;
		};
		280A862B1D7B610C00C42784 /* Debug */ = {
			isa = XCBuildConfiguration;
			buildSettings = {
				ASSETCATALOG_COMPILER_APPICON_NAME = AppIcon;
				INFOPLIST_FILE = SinglePhoto/Info.plist;
				LD_RUNPATH_SEARCH_PATHS = "$(inherited) @executable_path/Frameworks";
				PRODUCT_BUNDLE_IDENTIFIER = com.IronYard.SinglePhoto;
				PRODUCT_NAME = "$(TARGET_NAME)";
				SWIFT_VERSION = 3.0;
			};
			name = Debug;
		};
		280A862C1D7B610C00C42784 /* Release */ = {
			isa = XCBuildConfiguration;
			buildSettings = {
				ASSETCATALOG_COMPILER_APPICON_NAME = AppIcon;
				INFOPLIST_FILE = SinglePhoto/Info.plist;
				LD_RUNPATH_SEARCH_PATHS = "$(inherited) @executable_path/Frameworks";
				PRODUCT_BUNDLE_IDENTIFIER = com.IronYard.SinglePhoto;
				PRODUCT_NAME = "$(TARGET_NAME)";
				SWIFT_VERSION = 3.0;
			};
			name = Release;
		};
/* End XCBuildConfiguration section */

/* Begin XCConfigurationList section */
		280A86131D7B610C00C42784 /* Build configuration list for PBXProject "SinglePhoto" */ = {
			isa = XCConfigurationList;
			buildConfigurations = (
				280A86281D7B610C00C42784 /* Debug */,
				280A86291D7B610C00C42784 /* Release */,
			);
			defaultConfigurationIsVisible = 0;
			defaultConfigurationName = Release;
		};
		280A862A1D7B610C00C42784 /* Build configuration list for PBXNativeTarget "SinglePhoto" */ = {
			isa = XCConfigurationList;
			buildConfigurations = (
				280A862B1D7B610C00C42784 /* Debug */,
				280A862C1D7B610C00C42784 /* Release */,
			);
			defaultConfigurationIsVisible = 0;
		};
/* End XCConfigurationList section */
	};
	rootObject = 280A86101D7B610C00C42784 /* Project object */;
}
